# This file was autogenerated by Stack.
# You should not edit this file by hand.
# For more information, please see the documentation at:
#   https://docs.haskellstack.org/en/stable/lock_files

packages:
- completed:
    commit: 0d70474d888c5e5a43417ac9f7b408e7890ff853
    git: https://github.com/brendanhay/amazonka
    name: amazonka
    pantry-tree:
      sha256: 34b491436d174ed79187fe9c1f3d989cc68942f2aa2d6b9317cc1f8f389fee12
      size: 1318
    subdir: lib/amazonka
    version: '2.0'
  original:
    commit: 0d70474d888c5e5a43417ac9f7b408e7890ff853
    git: https://github.com/brendanhay/amazonka
    subdir: lib/amazonka
- completed:
    commit: 0d70474d888c5e5a43417ac9f7b408e7890ff853
    git: https://github.com/brendanhay/amazonka
    name: amazonka-core
    pantry-tree:
      sha256: 3110e114014c4e3f2610c65bd9d8c8440bd78e3d6f8d07df8c6279c24d2c94ed
      size: 3117
    subdir: lib/amazonka-core
    version: '2.0'
  original:
    commit: 0d70474d888c5e5a43417ac9f7b408e7890ff853
    git: https://github.com/brendanhay/amazonka
    subdir: lib/amazonka-core
- completed:
    commit: 0d70474d888c5e5a43417ac9f7b408e7890ff853
    git: https://github.com/brendanhay/amazonka
    name: amazonka-sso
    pantry-tree:
      sha256: f11babeeaf0481ae68134ced86e9d1d9396d1beb7bd70e0a1e6b77bc4148a192
      size: 1869
    subdir: lib/services/amazonka-sso
    version: '2.0'
  original:
    commit: 0d70474d888c5e5a43417ac9f7b408e7890ff853
    git: https://github.com/brendanhay/amazonka
    subdir: lib/services/amazonka-sso
- completed:
    commit: 0d70474d888c5e5a43417ac9f7b408e7890ff853
    git: https://github.com/brendanhay/amazonka
    name: amazonka-sts
    pantry-tree:
      sha256: 64ed22eaaea868b32cf56f162d1bd7332b048d8f2ea073c4e9827ed08e71cc70
      size: 2932
    subdir: lib/services/amazonka-sts
    version: '2.0'
  original:
    commit: 0d70474d888c5e5a43417ac9f7b408e7890ff853
    git: https://github.com/brendanhay/amazonka
    subdir: lib/services/amazonka-sts
- completed:
    commit: 0d70474d888c5e5a43417ac9f7b408e7890ff853
    git: https://github.com/brendanhay/amazonka
    name: amazonka-s3
    pantry-tree:
      sha256: 57bc3c2aa426230e1f339fee5710eb43ace36d05c91113bd035b4de5aac26329
      size: 37929
    subdir: lib/services/amazonka-s3
    version: '2.0'
  original:
    commit: 0d70474d888c5e5a43417ac9f7b408e7890ff853
    git: https://github.com/brendanhay/amazonka
    subdir: lib/services/amazonka-s3
- completed:
    commit: 0d70474d888c5e5a43417ac9f7b408e7890ff853
    git: https://github.com/brendanhay/amazonka
    name: amazonka-sqs
    pantry-tree:
      sha256: 75cc731a0b471b03aa224677552944fb0c4ea1330bfc58504e0af5efdf8b330c
      size: 6376
    subdir: lib/services/amazonka-sqs
    version: '2.0'
  original:
    commit: 0d70474d888c5e5a43417ac9f7b408e7890ff853
    git: https://github.com/brendanhay/amazonka
    subdir: lib/services/amazonka-sqs
- completed:
    commit: 0d70474d888c5e5a43417ac9f7b408e7890ff853
    git: https://github.com/brendanhay/amazonka
    name: amazonka-ecs
    pantry-tree:
      sha256: dde2e3f64a4b08454cc6777c07694a7aaf9a88cd9ebe7c16968f730caea3b294
      size: 23534
    subdir: lib/services/amazonka-ecs
    version: '2.0'
  original:
    commit: 0d70474d888c5e5a43417ac9f7b408e7890ff853
    git: https://github.com/brendanhay/amazonka
    subdir: lib/services/amazonka-ecs
snapshots:
- completed:
    sha256: 14ca51a9a597c32dd7804c10d079feea3d0ae40c5fbbb346cbd67b3ae49f6d01
    size: 649598
    url: https://raw.githubusercontent.com/commercialhaskell/stackage-snapshots/master/lts/20/17.yaml
  original: lts-20.17
